
Microsoft Visual Studio Solution File, Format Version 12.00
# Visual Studio Version 17
VisualStudioVersion = 17.5.002.0
MinimumVisualStudioVersion = 10.0.40219.1
Project("{9A19103F-16F7-4668-BE54-9A1E7A4F7556}") = "2023", "2023.csproj", "{3A0090A9-1490-4F9B-983B-39E301CD6933}"
EndProject
Global
	GlobalSection(SolutionConfigurationPlatforms) = preSolution
		Debug|Any CPU = Debug|Any CPU
		Release|Any CPU = Release|Any CPU
	EndGlobalSection
	GlobalSection(ProjectConfigurationPlatforms) = postSolution
		{3A0090A9-1490-4F9B-983B-39E301CD6933}.Debug|Any CPU.ActiveCfg = Debug|Any CPU
		{3A0090A9-1490-4F9B-983B-39E301CD6933}.Debug|Any CPU.Build.0 = Debug|Any CPU
		{3A0090A9-1490-4F9B-983B-39E301CD6933}.Release|Any CPU.ActiveCfg = Release|Any CPU
		{3A0090A9-1490-4F9B-983B-39E301CD6933}.Release|Any CPU.Build.0 = Release|Any CPU
	EndGlobalSection
	GlobalSection(SolutionProperties) = preSolution
		HideSolutionNode = FALSE
	EndGlobalSection
	GlobalSection(ExtensibilityGlobals) = postSolution
		SolutionGuid = {A8294F42-A460-48A2-A79E-A20DE9F7E73F}
	EndGlobalSection
EndGlobal
